// !$*UTF8*$!
{
	archiveVersion = 1;
	classes = {
	};
	objectVersion = 51;
	objects = {

/* Begin PBXBuildFile section */
		1C7F908F23B9FEC60066AAE0 /* AppDelegate.swift in Sources */ = {isa = PBXBuildFile; fileRef = 1C7F908E23B9FEC60066AAE0 /* AppDelegate.swift */; };
		1C7F909123B9FEC60066AAE0 /* ViewController.swift in Sources */ = {isa = PBXBuildFile; fileRef = 1C7F909023B9FEC60066AAE0 /* ViewController.swift */; };
		1C7F909423B9FEC60066AAE0 /* Main.storyboard in Resources */ = {isa = PBXBuildFile; fileRef = 1C7F909223B9FEC60066AAE0 /* Main.storyboard */; };
		1C7F909623B9FEC70066AAE0 /* Assets.xcassets in Resources */ = {isa = PBXBuildFile; fileRef = 1C7F909523B9FEC70066AAE0 /* Assets.xcassets */; };
		1C7F909923B9FEC70066AAE0 /* LaunchScreen.storyboard in Resources */ = {isa = PBXBuildFile; fileRef = 1C7F909723B9FEC70066AAE0 /* LaunchScreen.storyboard */; };
		FE0058946D03A6BF43827CC1 /* Pods_EngieerAiTest_Vidhi.framework in Frameworks */ = {isa = PBXBuildFile; fileRef = 6313D7F0B294C113EE91C124 /* Pods_EngieerAiTest_Vidhi.framework */; };
/* End PBXBuildFile section */

/* Begin PBXFileReference section */
		1C7F908B23B9FEC60066AAE0 /* EngieerAiTest_Vidhi.app */ = {isa = PBXFileReference; explicitFileType = wrapper.application; includeInIndex = 0; path = EngieerAiTest_Vidhi.app; sourceTree = BUILT_PRODUCTS_DIR; };
		1C7F908E23B9FEC60066AAE0 /* AppDelegate.swift */ = {isa = PBXFileReference; lastKnownFileType = sourcecode.swift; path = AppDelegate.swift; sourceTree = "<group>"; };
		1C7F909023B9FEC60066AAE0 /* ViewController.swift */ = {isa = PBXFileReference; lastKnownFileType = sourcecode.swift; path = ViewController.swift; sourceTree = "<group>"; };
		1C7F909323B9FEC60066AAE0 /* Base */ = {isa = PBXFileReference; lastKnownFileType = file.storyboard; name = Base; path = Base.lproj/Main.storyboard; sourceTree = "<group>"; };
		1C7F909523B9FEC70066AAE0 /* Assets.xcassets */ = {isa = PBXFileReference; lastKnownFileType = folder.assetcatalog; path = Assets.xcassets; sourceTree = "<group>"; };
		1C7F909823B9FEC70066AAE0 /* Base */ = {isa = PBXFileReference; lastKnownFileType = file.storyboard; name = Base; path = Base.lproj/LaunchScreen.storyboard; sourceTree = "<group>"; };
		1C7F909A23B9FEC70066AAE0 /* Info.plist */ = {isa = PBXFileReference; lastKnownFileType = text.plist.xml; path = Info.plist; sourceTree = "<group>"; };
		6313D7F0B294C113EE91C124 /* Pods_EngieerAiTest_Vidhi.framework */ = {isa = PBXFileReference; explicitFileType = wrapper.framework; includeInIndex = 0; path = Pods_EngieerAiTest_Vidhi.framework; sourceTree = BUILT_PRODUCTS_DIR; };
		BA169FB0B2475F5FCC402427 /* Pods-EngieerAiTest_Vidhi.debug.xcconfig */ = {isa = PBXFileReference; includeInIndex = 1; lastKnownFileType = text.xcconfig; name = "Pods-EngieerAiTest_Vidhi.debug.xcconfig"; path = "Target Support Files/Pods-EngieerAiTest_Vidhi/Pods-EngieerAiTest_Vidhi.debug.xcconfig"; sourceTree = "<group>"; };
		C709B7E05EA4CE2821A45A96 /* Pods-EngieerAiTest_Vidhi.release.xcconfig */ = {isa = PBXFileReference; includeInIndex = 1; lastKnownFileType = text.xcconfig; name = "Pods-EngieerAiTest_Vidhi.release.xcconfig"; path = "Target Support Files/Pods-EngieerAiTest_Vidhi/Pods-EngieerAiTest_Vidhi.release.xcconfig"; sourceTree = "<group>"; };
/* End PBXFileReference section */

/* Begin PBXFrameworksBuildPhase section */
		1C7F908823B9FEC60066AAE0 /* Frameworks */ = {
			isa = PBXFrameworksBuildPhase;
			buildActionMask = 2147483647;
			files = (
				FE0058946D03A6BF43827CC1 /* Pods_EngieerAiTest_Vidhi.framework in Frameworks */,
			);
			runOnlyForDeploymentPostprocessing = 0;
		};
/* End PBXFrameworksBuildPhase section */

/* Begin PBXGroup section */
		07E09AEEB6B82CC7C052595A /* Frameworks */ = {
			isa = PBXGroup;
			children = (
				6313D7F0B294C113EE91C124 /* Pods_EngieerAiTest_Vidhi.framework */,
			);
			name = Frameworks;
			sourceTree = "<group>";
		};
		151728965AAB092B41FC0528 /* Pods */ = {
			isa = PBXGroup;
			children = (
				BA169FB0B2475F5FCC402427 /* Pods-EngieerAiTest_Vidhi.debug.xcconfig */,
				C709B7E05EA4CE2821A45A96 /* Pods-EngieerAiTest_Vidhi.release.xcconfig */,
			);
			path = Pods;
			sourceTree = "<group>";
		};
		1C7F908223B9FEC50066AAE0 = {
			isa = PBXGroup;
			children = (
				1C7F908D23B9FEC60066AAE0 /* EngieerAiTest_Vidhi */,
				1C7F908C23B9FEC60066AAE0 /* Products */,
				151728965AAB092B41FC0528 /* Pods */,
				07E09AEEB6B82CC7C052595A /* Frameworks */,
			);
			sourceTree = "<group>";
		};
		1C7F908C23B9FEC60066AAE0 /* Products */ = {
			isa = PBXGroup;
			children = (
				1C7F908B23B9FEC60066AAE0 /* EngieerAiTest_Vidhi.app */,
			);
			name = Products;
			sourceTree = "<group>";
		};
		1C7F908D23B9FEC60066AAE0 /* EngieerAiTest_Vidhi */ = {
			isa = PBXGroup;
			children = (
				1C7F908E23B9FEC60066AAE0 /* AppDelegate.swift */,
				1C7F909023B9FEC60066AAE0 /* ViewController.swift */,
				1C7F909223B9FEC60066AAE0 /* Main.storyboard */,
				1C7F909523B9FEC70066AAE0 /* Assets.xcassets */,
				1C7F909723B9FEC70066AAE0 /* LaunchScreen.storyboard */,
				1C7F909A23B9FEC70066AAE0 /* Info.plist */,
			);
			path = EngieerAiTest_Vidhi;
			sourceTree = "<group>";
		};
/* End PBXGroup section */

/* Begin PBXNativeTarget section */
		1C7F908A23B9FEC60066AAE0 /* EngieerAiTest_Vidhi */ = {
			isa = PBXNativeTarget;
			buildConfigurationList = 1C7F909D23B9FEC70066AAE0 /* Build configuration list for PBXNativeTarget "EngieerAiTest_Vidhi" */;
			buildPhases = (
				7DEF3787EF6C0176597883D9 /* [CP] Check Pods Manifest.lock */,
				1C7F908723B9FEC60066AAE0 /* Sources */,
				1C7F908823B9FEC60066AAE0 /* Frameworks */,
				1C7F908923B9FEC60066AAE0 /* Resources */,
				E703153166D3555AF369D5E3 /* [CP] Embed Pods Frameworks */,
			);
			buildRules = (
			);
			dependencies = (
			);
			name = EngieerAiTest_Vidhi;
			productName = EngieerAiTest_Vidhi;
			productReference = 1C7F908B23B9FEC60066AAE0 /* EngieerAiTest_Vidhi.app */;
			productType = "com.apple.product-type.application";
		};
/* End PBXNativeTarget section */

/* Begin PBXProject section */
		1C7F908323B9FEC60066AAE0 /* Project object */ = {
			isa = PBXProject;
			attributes = {
				LastSwiftUpdateCheck = 1020;
				LastUpgradeCheck = 1020;
				ORGANIZATIONNAME = MAC105;
				TargetAttributes = {
					1C7F908A23B9FEC60066AAE0 = {
						CreatedOnToolsVersion = 10.2.1;
					};
				};
			};
			buildConfigurationList = 1C7F908623B9FEC60066AAE0 /* Build configuration list for PBXProject "EngieerAiTest_Vidhi" */;
			compatibilityVersion = "Xcode 9.3";
			developmentRegion = en;
			hasScannedForEncodings = 0;
			knownRegions = (
				en,
				Base,
			);
			mainGroup = 1C7F908223B9FEC50066AAE0;
			productRefGroup = 1C7F908C23B9FEC60066AAE0 /* Products */;
			projectDirPath = "";
			projectRoot = "";
			targets = (
				1C7F908A23B9FEC60066AAE0 /* EngieerAiTest_Vidhi */,
			);
		};
/* End PBXProject section */

/* Begin PBXResourcesBuildPhase section */
		1C7F908923B9FEC60066AAE0 /* Resources */ = {
			isa = PBXResourcesBuildPhase;
			buildActionMask = 2147483647;
			files = (
				1C7F909923B9FEC70066AAE0 /* LaunchScreen.storyboard in Resources */,
				1C7F909623B9FEC70066AAE0 /* Assets.xcassets in Resources */,
				1C7F909423B9FEC60066AAE0 /* Main.storyboard in Resources */,
			);
			runOnlyForDeploymentPostprocessing = 0;
		};
/* End PBXResourcesBuildPhase section */

/* Begin PBXShellScriptBuildPhase section */
		7DEF3787EF6C0176597883D9 /* [CP] Check Pods Manifest.lock */ = {
			isa = PBXShellScriptBuildPhase;
			buildActionMask = 2147483647;
			files = (
			);
			inputFileListPaths = (
			);
			inputPaths = (
				"${PODS_PODFILE_DIR_PATH}/Podfile.lock",
				"${PODS_ROOT}/Manifest.lock",
			);
			name = "[CP] Check Pods Manifest.lock";
			outputFileListPaths = (
			);
			outputPaths = (
				"$(DERIVED_FILE_DIR)/Pods-EngieerAiTest_Vidhi-checkManifestLockResult.txt",
			);
			runOnlyForDeploymentPostprocessing = 0;
			shellPath = /bin/sh;
			shellScript = "diff \"${PODS_PODFILE_DIR_PATH}/Podfile.lock\" \"${PODS_ROOT}/Manifest.lock\" > /dev/null\nif [ $? != 0 ] ; then\n    # print error to STDERR\n    echo \"error: The sandbox is not in sync with the Podfile.lock. Run 'pod install' or update your CocoaPods installation.\" >&2\n    exit 1\nfi\n# This output is used by Xcode 'outputs' to avoid re-running this script phase.\necho \"SUCCESS\" > \"${SCRIPT_OUTPUT_FILE_0}\"\n";
			showEnvVarsInLog = 0;
		};
		E703153166D3555AF369D5E3 /* [CP] Embed Pods Frameworks */ = {
			isa = PBXShellScriptBuildPhase;
			buildActionMask = 2147483647;
			files = (
			);
			inputFileListPaths = (
				"${PODS_ROOT}/Target Support Files/Pods-EngieerAiTest_Vidhi/Pods-EngieerAiTest_Vidhi-frameworks-${CONFIGURATION}-input-files.xcfilelist",
			);
			name = "[CP] Embed Pods Frameworks";
			outputFileListPaths = (
				"${PODS_ROOT}/Target Support Files/Pods-EngieerAiTest_Vidhi/Pods-EngieerAiTest_Vidhi-frameworks-${CONFIGURATION}-output-files.xcfilelist",
			);
			runOnlyForDeploymentPostprocessing = 0;
			shellPath = /bin/sh;
			shellScript = "\"${PODS_ROOT}/Target Support Files/Pods-EngieerAiTest_Vidhi/Pods-EngieerAiTest_Vidhi-frameworks.sh\"\n";
			showEnvVarsInLog = 0;
		};
/* End PBXShellScriptBuildPhase section */

/* Begin PBXSourcesBuildPhase section */
		1C7F908723B9FEC60066AAE0 /* Sources */ = {
			isa = PBXSourcesBuildPhase;
			buildActionMask = 2147483647;
			files = (
				1C7F909123B9FEC60066AAE0 /* ViewController.swift in Sources */,
				1C7F908F23B9FEC60066AAE0 /* AppDelegate.swift in Sources */,
			);
			runOnlyForDeploymentPostprocessing = 0;
		};
/* End PBXSourcesBuildPhase section */

/* Begin PBXVariantGroup section */
		1C7F909223B9FEC60066AAE0 /* Main.storyboard */ = {
			isa = PBXVariantGroup;
			children = (
				1C7F909323B9FEC60066AAE0 /* Base */,
			);
			name = Main.storyboard;
			sourceTree = "<group>";
		};
		1C7F909723B9FEC70066AAE0 /* LaunchScreen.storyboard */ = {
			isa = PBXVariantGroup;
			children = (
				1C7F909823B9FEC70066AAE0 /* Base */,
			);
			name = LaunchScreen.storyboard;
			sourceTree = "<group>";
		};
/* End PBXVariantGroup section */

/* Begin XCBuildConfiguration section */
		1C7F909B23B9FEC70066AAE0 /* Debug */ = {
			isa = XCBuildConfiguration;
			buildSettings = {
				ALWAYS_SEARCH_USER_PATHS = NO;
				CLANG_ANALYZER_NONNULL = YES;
				CLANG_ANALYZER_NUMBER_OBJECT_CONVERSION = YES_AGGRESSIVE;
				CLANG_CXX_LANGUAGE_STANDARD = "gnu++14";
				CLANG_CXX_LIBRARY = "libc++";
				CLANG_ENABLE_MODULES = YES;
				CLANG_ENABLE_OBJC_ARC = YES;
				CLANG_ENABLE_OBJC_WEAK = YES;
				CLANG_WARN_BLOCK_CAPTURE_AUTORELEASING = YES;
				CLANG_WARN_BOOL_CONVERSION = YES;
				CLANG_WARN_COMMA = YES;
				CLANG_WARN_CONSTANT_CONVERSION = YES;
				CLANG_WARN_DEPRECATED_OBJC_IMPLEMENTATIONS = YES;
				CLANG_WARN_DIRECT_OBJC_ISA_USAGE = YES_ERROR;
				CLANG_WARN_DOCUMENTATION_COMMENTS = YES;
				CLANG_WARN_EMPTY_BODY = YES;
				CLANG_WARN_ENUM_CONVERSION = YES;
				CLANG_WARN_INFINITE_RECURSION = YES;
				CLANG_WARN_INT_CONVERSION = YES;
				CLANG_WARN_NON_LITERAL_NULL_CONVERSION = YES;
				CLANG_WARN_OBJC_IMPLICIT_RETAIN_SELF = YES;
				CLANG_WARN_OBJC_LITERAL_CONVERSION = YES;
				CLANG_WARN_OBJC_ROOT_CLASS = YES_ERROR;
				CLANG_WARN_RANGE_LOOP_ANALYSIS = YES;
				CLANG_WARN_STRICT_PROTOTYPES = YES;
				CLANG_WARN_SUSPICIOUS_MOVE = YES;
				CLANG_WARN_UNGUARDED_AVAILABILITY = YES_AGGRESSIVE;
				CLANG_WARN_UNREACHABLE_CODE = YES;
				CLANG_WARN__DUPLICATE_METHOD_MATCH = YES;
				CODE_SIGN_IDENTITY = "iPhone Developer";
				COPY_PHASE_STRIP = NO;
				DEBUG_INFORMATION_FORMAT = dwarf;
				ENABLE_STRICT_OBJC_MSGSEND = YES;
				ENABLE_TESTABILITY = YES;
				GCC_C_LANGUAGE_STANDARD = gnu11;
				GCC_DYNAMIC_NO_PIC = NO;
				GCC_NO_COMMON_BLOCKS = YES;
				GCC_OPTIMIZATION_LEVEL = 0;
				GCC_PREPROCESSOR_DEFINITIONS = (
					"DEBUG=1",
					"$(inherited)",
				);
				GCC_WARN_64_TO_32_BIT_CONVERSION = YES;
				GCC_WARN_ABOUT_RETURN_TYPE = YES_ERROR;
				GCC_WARN_UNDECLARED_SELECTOR = YES;
				GCC_WARN_UNINITIALIZED_AUTOS = YES_AGGRESSIVE;
				GCC_WARN_UNUSED_FUNCTION = YES;
				GCC_WARN_UNUSED_VARIABLE = YES;
				IPHONEOS_DEPLOYMENT_TARGET = 12.0;
				MTL_ENABLE_DEBUG_INFO = INCLUDE_SOURCE;
				MTL_FAST_MATH = YES;
				ONLY_ACTIVE_ARCH = YES;
				SDKROOT = iphoneos;
				SWIFT_ACTIVE_COMPILATION_CONDITIONS = DEBUG;
				SWIFT_OPTIMIZATION_LEVEL = "-Onone";
			};
			name = Debug;
		};
		1C7F909C23B9FEC70066AAE0 /* Release */ = {
			isa = XCBuildConfiguration;
			buildSettings = {
				ALWAYS_SEARCH_USER_PATHS = NO;
				CLANG_ANALYZER_NONNULL = YES;
				CLANG_ANALYZER_NUMBER_OBJECT_CONVERSION = YES_AGGRESSIVE;
				CLANG_CXX_LANGUAGE_STANDARD = "gnu++14";
				CLANG_CXX_LIBRARY = "libc++";
				CLANG_ENABLE_MODULES = YES;
				CLANG_ENABLE_OBJC_ARC = YES;
				CLANG_ENABLE_OBJC_WEAK = YES;
				CLANG_WARN_BLOCK_CAPTURE_AUTORELEASING = YES;
				CLANG_WARN_BOOL_CONVERSION = YES;
				CLANG_WARN_COMMA = YES;
				CLANG_WARN_CONSTANT_CONVERSION = YES;
				CLANG_WARN_DEPRECATED_OBJC_IMPLEMENTATIONS = YES;
				CLANG_WARN_DIRECT_OBJC_ISA_USAGE = YES_ERROR;
				CLANG_WARN_DOCUMENTATION_COMMENTS = YES;
				CLANG_WARN_EMPTY_BODY = YES;
				CLANG_WARN_ENUM_CONVERSION = YES;
				CLANG_WARN_INFINITE_RECURSION = YES;
				CLANG_WARN_INT_CONVERSION = YES;
				CLANG_WARN_NON_LITERAL_NULL_CONVERSION = YES;
				CLANG_WARN_OBJC_IMPLICIT_RETAIN_SELF = YES;
				CLANG_WARN_OBJC_LITERAL_CONVERSION = YES;
				CLANG_WARN_OBJC_ROOT_CLASS = YES_ERROR;
				CLANG_WARN_RANGE_LOOP_ANALYSIS = YES;
				CLANG_WARN_STRICT_PROTOTYPES = YES;
				CLANG_WARN_SUSPICIOUS_MOVE = YES;
				CLANG_WARN_UNGUARDED_AVAILABILITY = YES_AGGRESSIVE;
				CLANG_WARN_UNREACHABLE_CODE = YES;
				CLANG_WARN__DUPLICATE_METHOD_MATCH = YES;
				CODE_SIGN_IDENTITY = "iPhone Developer";
				COPY_PHASE_STRIP = NO;
				DEBUG_INFORMATION_FORMAT = "dwarf-with-dsym";
				ENABLE_NS_ASSERTIONS = NO;
				ENABLE_STRICT_OBJC_MSGSEND = YES;
				GCC_C_LANGUAGE_STANDARD = gnu11;
				GCC_NO_COMMON_BLOCKS = YES;
				GCC_WARN_64_TO_32_BIT_CONVERSION = YES;
				GCC_WARN_ABOUT_RETURN_TYPE = YES_ERROR;
				GCC_WARN_UNDECLARED_SELECTOR = YES;
				GCC_WARN_UNINITIALIZED_AUTOS = YES_AGGRESSIVE;
				GCC_WARN_UNUSED_FUNCTION = YES;
				GCC_WARN_UNUSED_VARIABLE = YES;
				IPHONEOS_DEPLOYMENT_TARGET = 12.0;
				MTL_ENABLE_DEBUG_INFO = NO;
				MTL_FAST_MATH = YES;
				SDKROOT = iphoneos;
				SWIFT_COMPILATION_MODE = wholemodule;
				SWIFT_OPTIMIZATION_LEVEL = "-O";
				VALIDATE_PRODUCT = YES;
			};
			name = Release;
		};
		1C7F909E23B9FEC70066AAE0 /* Debug */ = {
			isa = XCBuildConfiguration;
			baseConfigurationReference = BA169FB0B2475F5FCC402427 /* Pods-EngieerAiTest_Vidhi.debug.xcconfig */;
			buildSettings = {
				ASSETCATALOG_COMPILER_APPICON_NAME = AppIcon;
				CODE_SIGN_STYLE = Automatic;
				INFOPLIST_FILE = EngieerAiTest_Vidhi/Info.plist;
				IPHONEOS_DEPLOYMENT_TARGET = 12.0;
				LD_RUNPATH_SEARCH_PATHS = (
					"$(inherited)",
					"@executable_path/Frameworks",
				);
				PRODUCT_BUNDLE_IDENTIFIER = "tatvasoft.EngieerAiTest-Vidhi";
				PRODUCT_NAME = "$(TARGET_NAME)";
				SWIFT_VERSION = 5.0;
				TARGETED_DEVICE_FAMILY = "1,2";
			};
			name = Debug;
		};
		1C7F909F23B9FEC70066AAE0 /* Release */ = {
			isa = XCBuildConfiguration;
			baseConfigurationReference = C709B7E05EA4CE2821A45A96 /* Pods-EngieerAiTest_Vidhi.release.xcconfig */;
			buildSettings = {
				ASSETCATALOG_COMPILER_APPICON_NAME = AppIcon;
				CODE_SIGN_STYLE = Automatic;
				INFOPLIST_FILE = EngieerAiTest_Vidhi/Info.plist;
				IPHONEOS_DEPLOYMENT_TARGET = 12.0;
				LD_RUNPATH_SEARCH_PATHS = (
					"$(inherited)",
					"@executable_path/Frameworks",
				);
				PRODUCT_BUNDLE_IDENTIFIER = "tatvasoft.EngieerAiTest-Vidhi";
				PRODUCT_NAME = "$(TARGET_NAME)";
				SWIFT_VERSION = 5.0;
				TARGETED_DEVICE_FAMILY = "1,2";
			};
			name = Release;
		};
/* End XCBuildConfiguration section */

/* Begin XCConfigurationList section */
		1C7F908623B9FEC60066AAE0 /* Build configuration list for PBXProject "EngieerAiTest_Vidhi" */ = {
			isa = XCConfigurationList;
			buildConfigurations = (
				1C7F909B23B9FEC70066AAE0 /* Debug */,
				1C7F909C23B9FEC70066AAE0 /* Release */,
			);
			defaultConfigurationIsVisible = 0;
			defaultConfigurationName = Release;
		};
		1C7F909D23B9FEC70066AAE0 /* Build configuration list for PBXNativeTarget "EngieerAiTest_Vidhi" */ = {
			isa = XCConfigurationList;
			buildConfigurations = (
				1C7F909E23B9FEC70066AAE0 /* Debug */,
				1C7F909F23B9FEC70066AAE0 /* Release */,
			);
			defaultConfigurationIsVisible = 0;
			defaultConfigurationName = Release;
		};
/* End XCConfigurationList section */
	};
	rootObject = 1C7F908323B9FEC60066AAE0 /* Project object */;
}
